
Microsoft Visual Studio Solution File, Format Version 12.00
# Visual Studio Version 17
VisualStudioVersion = 17.3.32922.545
MinimumVisualStudioVersion = 10.0.40219.1
Project("{FAE04EC0-301F-11D3-BF4B-00C04F79EFBC}") = "InvestCloud", "InvestCloud\InvestCloud.csproj", "{BC4B283A-F72B-4189-943F-C7AAC07D0065}"
EndProject
Global
	GlobalSection(SolutionConfigurationPlatforms) = preSolution
		Debug|Any CPU = Debug|Any CPU
		Release|Any CPU = Release|Any CPU
	EndGlobalSection
	GlobalSection(ProjectConfigurationPlatforms) = postSolution
		{BC4B283A-F72B-4189-943F-C7AAC07D0065}.Debug|Any CPU.ActiveCfg = Debug|Any CPU
		{BC4B283A-F72B-4189-943F-C7AAC07D0065}.Debug|Any CPU.Build.0 = Debug|Any CPU
		{BC4B283A-F72B-4189-943F-C7AAC07D0065}.Release|Any CPU.ActiveCfg = Release|Any CPU
		{BC4B283A-F72B-4189-943F-C7AAC07D0065}.Release|Any CPU.Build.0 = Release|Any CPU
	EndGlobalSection
	GlobalSection(SolutionProperties) = preSolution
		HideSolutionNode = FALSE
	EndGlobalSection
	GlobalSection(ExtensibilityGlobals) = postSolution
		SolutionGuid = {C1FA07FB-F1E8-4787-B6E4-5F5078A39E87}
	EndGlobalSection
EndGlobal
